{
  "version": 4,
  "terraform_version": "1.4.6",
  "serial": 9,
  "lineage": "b1e5f3ee-33d9-495c-a3e0-1d6bb26e35a1",
  "outputs": {
    "kubernetes_cluster_name": {
      "value": "meet-arachnid-aks",
      "type": "string"
    },
    "resource_group_name": {
      "value": "sentryonics-poc-dev-rg-innowave",
      "type": "string"
    }
  },
  "resources": [
    {
      "mode": "managed",
      "type": "azurerm_resource_group",
      "name": "sentryonics-poc-dev-rg-innowave",
      "provider": "provider[\"registry.terraform.io/hashicorp/azurerm\"]",
      "instances": [
        {
          "schema_version": 0,
          "attributes": {
            "id": "/subscriptions/a70eeb32-8374-4d02-9807-af69820e700a/resourceGroups/sentryonics-poc-dev-rg-innowave",
            "location": "eastus2",
            "name": "sentryonics-poc-dev-rg-innowave",
            "tags": {
              "environment": "Demo"
            },
            "timeouts": null
          },
          "sensitive_attributes": [],
          "private": "eyJlMmJmYjczMC1lY2FhLTExZTYtOGY4OC0zNDM2M2JjN2M0YzAiOnsiY3JlYXRlIjo1NDAwMDAwMDAwMDAwLCJkZWxldGUiOjU0MDAwMDAwMDAwMDAsInJlYWQiOjMwMDAwMDAwMDAwMCwidXBkYXRlIjo1NDAwMDAwMDAwMDAwfX0="
        }
      ]
    },
    {
      "mode": "managed",
      "type": "random_pet",
      "name": "prefix",
      "provider": "provider[\"registry.terraform.io/hashicorp/random\"]",
      "instances": [
        {
          "schema_version": 0,
          "attributes": {
            "id": "meet-arachnid",
            "keepers": null,
            "length": 2,
            "prefix": null,
            "separator": "-"
          },
          "sensitive_attributes": []
        }
      ]
    }
  ],
  "check_results": null
}
